// !$*UTF8*$!
{
	archiveVersion = 1;
	classes = {
	};
	objectVersion = 46;
	objects = {

/* Begin PBXBuildFile section */
		08C4A42018983DBC00B75B7B /* Foundation.framework in Frameworks */ = {isa = PBXBuildFile; fileRef = 08C4A41F18983DBC00B75B7B /* Foundation.framework */; };
		08C4A42218983DBC00B75B7B /* CoreGraphics.framework in Frameworks */ = {isa = PBXBuildFile; fileRef = 08C4A42118983DBC00B75B7B /* CoreGraphics.framework */; };
		08C4A42418983DBC00B75B7B /* UIKit.framework in Frameworks */ = {isa = PBXBuildFile; fileRef = 08C4A42318983DBC00B75B7B /* UIKit.framework */; };
		08C4A42A18983DBC00B75B7B /* InfoPlist.strings in Resources */ = {isa = PBXBuildFile; fileRef = 08C4A42818983DBC00B75B7B /* InfoPlist.strings */; };
		08C4A42C18983DBC00B75B7B /* main.m in Sources */ = {isa = PBXBuildFile; fileRef = 08C4A42B18983DBC00B75B7B /* main.m */; };
		08C4A43018983DBC00B75B7B /* AppDelegate.m in Sources */ = {isa = PBXBuildFile; fileRef = 08C4A42F18983DBC00B75B7B /* AppDelegate.m */; };
		08C4A43318983DBC00B75B7B /* Main.storyboard in Resources */ = {isa = PBXBuildFile; fileRef = 08C4A43118983DBC00B75B7B /* Main.storyboard */; };
		08C4A43618983DBC00B75B7B /* ViewController.m in Sources */ = {isa = PBXBuildFile; fileRef = 08C4A43518983DBC00B75B7B /* ViewController.m */; };
		08C4A43818983DBC00B75B7B /* Images.xcassets in Resources */ = {isa = PBXBuildFile; fileRef = 08C4A43718983DBC00B75B7B /* Images.xcassets */; };
		08C4A43F18983DBC00B75B7B /* XCTest.framework in Frameworks */ = {isa = PBXBuildFile; fileRef = 08C4A43E18983DBC00B75B7B /* XCTest.framework */; };
		08C4A44018983DBC00B75B7B /* Foundation.framework in Frameworks */ = {isa = PBXBuildFile; fileRef = 08C4A41F18983DBC00B75B7B /* Foundation.framework */; };
		08C4A44118983DBC00B75B7B /* UIKit.framework in Frameworks */ = {isa = PBXBuildFile; fileRef = 08C4A42318983DBC00B75B7B /* UIKit.framework */; };
		08C4A44918983DBC00B75B7B /* InfoPlist.strings in Resources */ = {isa = PBXBuildFile; fileRef = 08C4A44718983DBC00B75B7B /* InfoPlist.strings */; };
		08C4A44B18983DBC00B75B7B /* PCWScanDemoTests.m in Sources */ = {isa = PBXBuildFile; fileRef = 08C4A44A18983DBC00B75B7B /* PCWScanDemoTests.m */; };
		08C4A45E18983EF200B75B7B /* AVFoundation.framework in Frameworks */ = {isa = PBXBuildFile; fileRef = 08C4A45D18983EF200B75B7B /* AVFoundation.framework */; settings = {ATTRIBUTES = (Weak, ); }; };
		08C4A4C11899A40000B75B7B /* libCardIO.a in Frameworks */ = {isa = PBXBuildFile; fileRef = 08C4A4C01899A40000B75B7B /* libCardIO.a */; };
		08C4A4C4189AAC7B00B75B7B /* DataTransfer.m in Sources */ = {isa = PBXBuildFile; fileRef = 08C4A4C3189AAC7B00B75B7B /* DataTransfer.m */; };
		08C4A4CA189ACBCE00B75B7B /* CFNetwork.framework in Frameworks */ = {isa = PBXBuildFile; fileRef = 08C4A4C9189ACBCE00B75B7B /* CFNetwork.framework */; };
		08C4A4CD189C3C5E00B75B7B /* LoginViewController.m in Sources */ = {isa = PBXBuildFile; fileRef = 08C4A4CC189C3C5E00B75B7B /* LoginViewController.m */; };
/* End PBXBuildFile section */

/* Begin PBXContainerItemProxy section */
		08C4A44218983DBC00B75B7B /* PBXContainerItemProxy */ = {
			isa = PBXContainerItemProxy;
			containerPortal = 08C4A41418983DBC00B75B7B /* Project object */;
			proxyType = 1;
			remoteGlobalIDString = 08C4A41B18983DBC00B75B7B;
			remoteInfo = PCWScanDemo;
		};
/* End PBXContainerItemProxy section */

/* Begin PBXFileReference section */
		08C4A41C18983DBC00B75B7B /* PCWScanDemo.app */ = {isa = PBXFileReference; explicitFileType = wrapper.application; includeInIndex = 0; path = PCWScanDemo.app; sourceTree = BUILT_PRODUCTS_DIR; };
		08C4A41F18983DBC00B75B7B /* Foundation.framework */ = {isa = PBXFileReference; lastKnownFileType = wrapper.framework; name = Foundation.framework; path = System/Library/Frameworks/Foundation.framework; sourceTree = SDKROOT; };
		08C4A42118983DBC00B75B7B /* CoreGraphics.framework */ = {isa = PBXFileReference; lastKnownFileType = wrapper.framework; name = CoreGraphics.framework; path = System/Library/Frameworks/CoreGraphics.framework; sourceTree = SDKROOT; };
		08C4A42318983DBC00B75B7B /* UIKit.framework */ = {isa = PBXFileReference; lastKnownFileType = wrapper.framework; name = UIKit.framework; path = System/Library/Frameworks/UIKit.framework; sourceTree = SDKROOT; };
		08C4A42718983DBC00B75B7B /* PCWScanDemo-Info.plist */ = {isa = PBXFileReference; lastKnownFileType = text.plist.xml; path = "PCWScanDemo-Info.plist"; sourceTree = "<group>"; };
		08C4A42918983DBC00B75B7B /* en */ = {isa = PBXFileReference; lastKnownFileType = text.plist.strings; name = en; path = en.lproj/InfoPlist.strings; sourceTree = "<group>"; };
		08C4A42B18983DBC00B75B7B /* main.m */ = {isa = PBXFileReference; lastKnownFileType = sourcecode.c.objc; path = main.m; sourceTree = "<group>"; };
		08C4A42D18983DBC00B75B7B /* PCWScanDemo-Prefix.pch */ = {isa = PBXFileReference; lastKnownFileType = sourcecode.c.h; path = "PCWScanDemo-Prefix.pch"; sourceTree = "<group>"; };
		08C4A42E18983DBC00B75B7B /* AppDelegate.h */ = {isa = PBXFileReference; lastKnownFileType = sourcecode.c.h; path = AppDelegate.h; sourceTree = "<group>"; };
		08C4A42F18983DBC00B75B7B /* AppDelegate.m */ = {isa = PBXFileReference; lastKnownFileType = sourcecode.c.objc; path = AppDelegate.m; sourceTree = "<group>"; };
		08C4A43218983DBC00B75B7B /* Base */ = {isa = PBXFileReference; lastKnownFileType = file.storyboard; name = Base; path = Base.lproj/Main.storyboard; sourceTree = "<group>"; };
		08C4A43418983DBC00B75B7B /* ViewController.h */ = {isa = PBXFileReference; lastKnownFileType = sourcecode.c.h; path = ViewController.h; sourceTree = "<group>"; };
		08C4A43518983DBC00B75B7B /* ViewController.m */ = {isa = PBXFileReference; lastKnownFileType = sourcecode.c.objc; path = ViewController.m; sourceTree = "<group>"; };
		08C4A43718983DBC00B75B7B /* Images.xcassets */ = {isa = PBXFileReference; lastKnownFileType = folder.assetcatalog; path = Images.xcassets; sourceTree = "<group>"; };
		08C4A43D18983DBC00B75B7B /* PCWScanDemoTests.xctest */ = {isa = PBXFileReference; explicitFileType = wrapper.cfbundle; includeInIndex = 0; path = PCWScanDemoTests.xctest; sourceTree = BUILT_PRODUCTS_DIR; };
		08C4A43E18983DBC00B75B7B /* XCTest.framework */ = {isa = PBXFileReference; lastKnownFileType = wrapper.framework; name = XCTest.framework; path = Library/Frameworks/XCTest.framework; sourceTree = DEVELOPER_DIR; };
		08C4A44618983DBC00B75B7B /* PCWScanDemoTests-Info.plist */ = {isa = PBXFileReference; lastKnownFileType = text.plist.xml; path = "PCWScanDemoTests-Info.plist"; sourceTree = "<group>"; };
		08C4A44818983DBC00B75B7B /* en */ = {isa = PBXFileReference; lastKnownFileType = text.plist.strings; name = en; path = en.lproj/InfoPlist.strings; sourceTree = "<group>"; };
		08C4A44A18983DBC00B75B7B /* PCWScanDemoTests.m */ = {isa = PBXFileReference; lastKnownFileType = sourcecode.c.objc; path = PCWScanDemoTests.m; sourceTree = "<group>"; };
		08C4A45D18983EF200B75B7B /* AVFoundation.framework */ = {isa = PBXFileReference; lastKnownFileType = wrapper.framework; name = AVFoundation.framework; path = System/Library/Frameworks/AVFoundation.framework; sourceTree = SDKROOT; };
		08C4A4BA1899A40000B75B7B /* CardIO.h */ = {isa = PBXFileReference; fileEncoding = 4; lastKnownFileType = sourcecode.c.h; path = CardIO.h; sourceTree = "<group>"; };
		08C4A4BB1899A40000B75B7B /* CardIOCreditCardInfo.h */ = {isa = PBXFileReference; fileEncoding = 4; lastKnownFileType = sourcecode.c.h; path = CardIOCreditCardInfo.h; sourceTree = "<group>"; };
		08C4A4BC1899A40000B75B7B /* CardIOPaymentViewController.h */ = {isa = PBXFileReference; fileEncoding = 4; lastKnownFileType = sourcecode.c.h; path = CardIOPaymentViewController.h; sourceTree = "<group>"; };
		08C4A4BD1899A40000B75B7B /* CardIOPaymentViewControllerDelegate.h */ = {isa = PBXFileReference; fileEncoding = 4; lastKnownFileType = sourcecode.c.h; path = CardIOPaymentViewControllerDelegate.h; sourceTree = "<group>"; };
		08C4A4BE1899A40000B75B7B /* CardIOView.h */ = {isa = PBXFileReference; fileEncoding = 4; lastKnownFileType = sourcecode.c.h; path = CardIOView.h; sourceTree = "<group>"; };
		08C4A4BF1899A40000B75B7B /* CardIOViewDelegate.h */ = {isa = PBXFileReference; fileEncoding = 4; lastKnownFileType = sourcecode.c.h; path = CardIOViewDelegate.h; sourceTree = "<group>"; };
		08C4A4C01899A40000B75B7B /* libCardIO.a */ = {isa = PBXFileReference; lastKnownFileType = archive.ar; path = libCardIO.a; sourceTree = "<group>"; };
		08C4A4C2189AAC7B00B75B7B /* DataTransfer.h */ = {isa = PBXFileReference; fileEncoding = 4; lastKnownFileType = sourcecode.c.h; path = DataTransfer.h; sourceTree = "<group>"; };
		08C4A4C3189AAC7B00B75B7B /* DataTransfer.m */ = {isa = PBXFileReference; fileEncoding = 4; lastKnownFileType = sourcecode.c.objc; path = DataTransfer.m; sourceTree = "<group>"; };
		08C4A4C9189ACBCE00B75B7B /* CFNetwork.framework */ = {isa = PBXFileReference; lastKnownFileType = wrapper.framework; name = CFNetwork.framework; path = System/Library/Frameworks/CFNetwork.framework; sourceTree = SDKROOT; };
		08C4A4CB189C3C5E00B75B7B /* LoginViewController.h */ = {isa = PBXFileReference; fileEncoding = 4; lastKnownFileType = sourcecode.c.h; path = LoginViewController.h; sourceTree = "<group>"; };
		08C4A4CC189C3C5E00B75B7B /* LoginViewController.m */ = {isa = PBXFileReference; fileEncoding = 4; lastKnownFileType = sourcecode.c.objc; path = LoginViewController.m; sourceTree = "<group>"; };
/* End PBXFileReference section */

/* Begin PBXFrameworksBuildPhase section */
		08C4A41918983DBC00B75B7B /* Frameworks */ = {
			isa = PBXFrameworksBuildPhase;
			buildActionMask = 2147483647;
			files = (
				08C4A4CA189ACBCE00B75B7B /* CFNetwork.framework in Frameworks */,
				08C4A45E18983EF200B75B7B /* AVFoundation.framework in Frameworks */,
				08C4A42218983DBC00B75B7B /* CoreGraphics.framework in Frameworks */,
				08C4A4C11899A40000B75B7B /* libCardIO.a in Frameworks */,
				08C4A42418983DBC00B75B7B /* UIKit.framework in Frameworks */,
				08C4A42018983DBC00B75B7B /* Foundation.framework in Frameworks */,
			);
			runOnlyForDeploymentPostprocessing = 0;
		};
		08C4A43A18983DBC00B75B7B /* Frameworks */ = {
			isa = PBXFrameworksBuildPhase;
			buildActionMask = 2147483647;
			files = (
				08C4A43F18983DBC00B75B7B /* XCTest.framework in Frameworks */,
				08C4A44118983DBC00B75B7B /* UIKit.framework in Frameworks */,
				08C4A44018983DBC00B75B7B /* Foundation.framework in Frameworks */,
			);
			runOnlyForDeploymentPostprocessing = 0;
		};
/* End PBXFrameworksBuildPhase section */

/* Begin PBXGroup section */
		08C4A41318983DBC00B75B7B = {
			isa = PBXGroup;
			children = (
				08C4A4B91899A40000B75B7B /* CardIO */,
				08C4A42518983DBC00B75B7B /* PCWScanDemo */,
				08C4A44418983DBC00B75B7B /* PCWScanDemoTests */,
				08C4A41E18983DBC00B75B7B /* Frameworks */,
				08C4A41D18983DBC00B75B7B /* Products */,
			);
			sourceTree = "<group>";
		};
		08C4A41D18983DBC00B75B7B /* Products */ = {
			isa = PBXGroup;
			children = (
				08C4A41C18983DBC00B75B7B /* PCWScanDemo.app */,
				08C4A43D18983DBC00B75B7B /* PCWScanDemoTests.xctest */,
			);
			name = Products;
			sourceTree = "<group>";
		};
		08C4A41E18983DBC00B75B7B /* Frameworks */ = {
			isa = PBXGroup;
			children = (
				08C4A4C9189ACBCE00B75B7B /* CFNetwork.framework */,
				08C4A45D18983EF200B75B7B /* AVFoundation.framework */,
				08C4A41F18983DBC00B75B7B /* Foundation.framework */,
				08C4A42118983DBC00B75B7B /* CoreGraphics.framework */,
				08C4A42318983DBC00B75B7B /* UIKit.framework */,
				08C4A43E18983DBC00B75B7B /* XCTest.framework */,
			);
			name = Frameworks;
			sourceTree = "<group>";
		};
		08C4A42518983DBC00B75B7B /* PCWScanDemo */ = {
			isa = PBXGroup;
			children = (
				08C4A42E18983DBC00B75B7B /* AppDelegate.h */,
				08C4A42F18983DBC00B75B7B /* AppDelegate.m */,
				08C4A43118983DBC00B75B7B /* Main.storyboard */,
				08C4A43418983DBC00B75B7B /* ViewController.h */,
				08C4A43518983DBC00B75B7B /* ViewController.m */,
				08C4A43718983DBC00B75B7B /* Images.xcassets */,
				08C4A42618983DBC00B75B7B /* Supporting Files */,
				08C4A4C2189AAC7B00B75B7B /* DataTransfer.h */,
				08C4A4C3189AAC7B00B75B7B /* DataTransfer.m */,
				08C4A4CB189C3C5E00B75B7B /* LoginViewController.h */,
				08C4A4CC189C3C5E00B75B7B /* LoginViewController.m */,
			);
			path = PCWScanDemo;
			sourceTree = "<group>";
		};
		08C4A42618983DBC00B75B7B /* Supporting Files */ = {
			isa = PBXGroup;
			children = (
				08C4A42718983DBC00B75B7B /* PCWScanDemo-Info.plist */,
				08C4A42818983DBC00B75B7B /* InfoPlist.strings */,
				08C4A42B18983DBC00B75B7B /* main.m */,
				08C4A42D18983DBC00B75B7B /* PCWScanDemo-Prefix.pch */,
			);
			name = "Supporting Files";
			sourceTree = "<group>";
		};
		08C4A44418983DBC00B75B7B /* PCWScanDemoTests */ = {
			isa = PBXGroup;
			children = (
				08C4A44A18983DBC00B75B7B /* PCWScanDemoTests.m */,
				08C4A44518983DBC00B75B7B /* Supporting Files */,
			);
			path = PCWScanDemoTests;
			sourceTree = "<group>";
		};
		08C4A44518983DBC00B75B7B /* Supporting Files */ = {
			isa = PBXGroup;
			children = (
				08C4A44618983DBC00B75B7B /* PCWScanDemoTests-Info.plist */,
				08C4A44718983DBC00B75B7B /* InfoPlist.strings */,
			);
			name = "Supporting Files";
			sourceTree = "<group>";
		};
		08C4A4B91899A40000B75B7B /* CardIO */ = {
			isa = PBXGroup;
			children = (
				08C4A4BA1899A40000B75B7B /* CardIO.h */,
				08C4A4BB1899A40000B75B7B /* CardIOCreditCardInfo.h */,
				08C4A4BC1899A40000B75B7B /* CardIOPaymentViewController.h */,
				08C4A4BD1899A40000B75B7B /* CardIOPaymentViewControllerDelegate.h */,
				08C4A4BE1899A40000B75B7B /* CardIOView.h */,
				08C4A4BF1899A40000B75B7B /* CardIOViewDelegate.h */,
				08C4A4C01899A40000B75B7B /* libCardIO.a */,
			);
			path = CardIO;
			sourceTree = "<group>";
		};
/* End PBXGroup section */

/* Begin PBXNativeTarget section */
		08C4A41B18983DBC00B75B7B /* PCWScanDemo */ = {
			isa = PBXNativeTarget;
			buildConfigurationList = 08C4A44E18983DBC00B75B7B /* Build configuration list for PBXNativeTarget "PCWScanDemo" */;
			buildPhases = (
				08C4A41818983DBC00B75B7B /* Sources */,
				08C4A41918983DBC00B75B7B /* Frameworks */,
				08C4A41A18983DBC00B75B7B /* Resources */,
			);
			buildRules = (
			);
			dependencies = (
			);
			name = PCWScanDemo;
			productName = PCWScanDemo;
			productReference = 08C4A41C18983DBC00B75B7B /* PCWScanDemo.app */;
			productType = "com.apple.product-type.application";
		};
		08C4A43C18983DBC00B75B7B /* PCWScanDemoTests */ = {
			isa = PBXNativeTarget;
			buildConfigurationList = 08C4A45118983DBC00B75B7B /* Build configuration list for PBXNativeTarget "PCWScanDemoTests" */;
			buildPhases = (
				08C4A43918983DBC00B75B7B /* Sources */,
				08C4A43A18983DBC00B75B7B /* Frameworks */,
				08C4A43B18983DBC00B75B7B /* Resources */,
			);
			buildRules = (
			);
			dependencies = (
				08C4A44318983DBC00B75B7B /* PBXTargetDependency */,
			);
			name = PCWScanDemoTests;
			productName = PCWScanDemoTests;
			productReference = 08C4A43D18983DBC00B75B7B /* PCWScanDemoTests.xctest */;
			productType = "com.apple.product-type.bundle.unit-test";
		};
/* End PBXNativeTarget section */

/* Begin PBXProject section */
		08C4A41418983DBC00B75B7B /* Project object */ = {
			isa = PBXProject;
			attributes = {
				LastUpgradeCheck = 0500;
				ORGANIZATIONNAME = "Prairie Cloudware";
				TargetAttributes = {
					08C4A41B18983DBC00B75B7B = {
						DevelopmentTeam = HGR2PR97X5;
					};
					08C4A43C18983DBC00B75B7B = {
						TestTargetID = 08C4A41B18983DBC00B75B7B;
					};
				};
			};
			buildConfigurationList = 08C4A41718983DBC00B75B7B /* Build configuration list for PBXProject "PCWScanDemo" */;
			compatibilityVersion = "Xcode 3.2";
			developmentRegion = English;
			hasScannedForEncodings = 0;
			knownRegions = (
				en,
				Base,
			);
			mainGroup = 08C4A41318983DBC00B75B7B;
			productRefGroup = 08C4A41D18983DBC00B75B7B /* Products */;
			projectDirPath = "";
			projectRoot = "";
			targets = (
				08C4A41B18983DBC00B75B7B /* PCWScanDemo */,
				08C4A43C18983DBC00B75B7B /* PCWScanDemoTests */,
			);
		};
/* End PBXProject section */

/* Begin PBXResourcesBuildPhase section */
		08C4A41A18983DBC00B75B7B /* Resources */ = {
			isa = PBXResourcesBuildPhase;
			buildActionMask = 2147483647;
			files = (
				08C4A43818983DBC00B75B7B /* Images.xcassets in Resources */,
				08C4A42A18983DBC00B75B7B /* InfoPlist.strings in Resources */,
				08C4A43318983DBC00B75B7B /* Main.storyboard in Resources */,
			);
			runOnlyForDeploymentPostprocessing = 0;
		};
		08C4A43B18983DBC00B75B7B /* Resources */ = {
			isa = PBXResourcesBuildPhase;
			buildActionMask = 2147483647;
			files = (
				08C4A44918983DBC00B75B7B /* InfoPlist.strings in Resources */,
			);
			runOnlyForDeploymentPostprocessing = 0;
		};
/* End PBXResourcesBuildPhase section */

/* Begin PBXSourcesBuildPhase section */
		08C4A41818983DBC00B75B7B /* Sources */ = {
			isa = PBXSourcesBuildPhase;
			buildActionMask = 2147483647;
			files = (
				08C4A4C4189AAC7B00B75B7B /* DataTransfer.m in Sources */,
				08C4A43618983DBC00B75B7B /* ViewController.m in Sources */,
				08C4A43018983DBC00B75B7B /* AppDelegate.m in Sources */,
				08C4A42C18983DBC00B75B7B /* main.m in Sources */,
				08C4A4CD189C3C5E00B75B7B /* LoginViewController.m in Sources */,
			);
			runOnlyForDeploymentPostprocessing = 0;
		};
		08C4A43918983DBC00B75B7B /* Sources */ = {
			isa = PBXSourcesBuildPhase;
			buildActionMask = 2147483647;
			files = (
				08C4A44B18983DBC00B75B7B /* PCWScanDemoTests.m in Sources */,
			);
			runOnlyForDeploymentPostprocessing = 0;
		};
/* End PBXSourcesBuildPhase section */

/* Begin PBXTargetDependency section */
		08C4A44318983DBC00B75B7B /* PBXTargetDependency */ = {
			isa = PBXTargetDependency;
			target = 08C4A41B18983DBC00B75B7B /* PCWScanDemo */;
			targetProxy = 08C4A44218983DBC00B75B7B /* PBXContainerItemProxy */;
		};
/* End PBXTargetDependency section */

/* Begin PBXVariantGroup section */
		08C4A42818983DBC00B75B7B /* InfoPlist.strings */ = {
			isa = PBXVariantGroup;
			children = (
				08C4A42918983DBC00B75B7B /* en */,
			);
			name = InfoPlist.strings;
			sourceTree = "<group>";
		};
		08C4A43118983DBC00B75B7B /* Main.storyboard */ = {
			isa = PBXVariantGroup;
			children = (
				08C4A43218983DBC00B75B7B /* Base */,
			);
			name = Main.storyboard;
			sourceTree = "<group>";
		};
		08C4A44718983DBC00B75B7B /* InfoPlist.strings */ = {
			isa = PBXVariantGroup;
			children = (
				08C4A44818983DBC00B75B7B /* en */,
			);
			name = InfoPlist.strings;
			sourceTree = "<group>";
		};
/* End PBXVariantGroup section */

/* Begin XCBuildConfiguration section */
		08C4A44C18983DBC00B75B7B /* Debug */ = {
			isa = XCBuildConfiguration;
			buildSettings = {
				ALWAYS_SEARCH_USER_PATHS = NO;
				ARCHS = "$(ARCHS_STANDARD_INCLUDING_64_BIT)";
				CLANG_CXX_LANGUAGE_STANDARD = "gnu++0x";
				CLANG_CXX_LIBRARY = "libc++";
				CLANG_ENABLE_MODULES = YES;
				CLANG_ENABLE_OBJC_ARC = YES;
				CLANG_WARN_BOOL_CONVERSION = YES;
				CLANG_WARN_CONSTANT_CONVERSION = YES;
				CLANG_WARN_DIRECT_OBJC_ISA_USAGE = YES_ERROR;
				CLANG_WARN_EMPTY_BODY = YES;
				CLANG_WARN_ENUM_CONVERSION = YES;
				CLANG_WARN_INT_CONVERSION = YES;
				CLANG_WARN_OBJC_ROOT_CLASS = YES_ERROR;
				CLANG_WARN__DUPLICATE_METHOD_MATCH = YES;
				"CODE_SIGN_IDENTITY[sdk=iphoneos*]" = "iPhone Developer";
				COPY_PHASE_STRIP = NO;
				GCC_C_LANGUAGE_STANDARD = gnu99;
				GCC_DYNAMIC_NO_PIC = NO;
				GCC_OPTIMIZATION_LEVEL = 0;
				GCC_PREPROCESSOR_DEFINITIONS = (
					"DEBUG=1",
					"$(inherited)",
				);
				GCC_SYMBOLS_PRIVATE_EXTERN = NO;
				GCC_WARN_64_TO_32_BIT_CONVERSION = YES;
				GCC_WARN_ABOUT_RETURN_TYPE = YES_ERROR;
				GCC_WARN_UNDECLARED_SELECTOR = YES;
				GCC_WARN_UNINITIALIZED_AUTOS = YES;
				GCC_WARN_UNUSED_FUNCTION = YES;
				GCC_WARN_UNUSED_VARIABLE = YES;
				IPHONEOS_DEPLOYMENT_TARGET = 7.0;
				ONLY_ACTIVE_ARCH = YES;
				SDKROOT = iphoneos;
			};
			name = Debug;
		};
		08C4A44D18983DBC00B75B7B /* Release */ = {
			isa = XCBuildConfiguration;
			buildSettings = {
				ALWAYS_SEARCH_USER_PATHS = NO;
				ARCHS = "$(ARCHS_STANDARD_INCLUDING_64_BIT)";
				CLANG_CXX_LANGUAGE_STANDARD = "gnu++0x";
				CLANG_CXX_LIBRARY = "libc++";
				CLANG_ENABLE_MODULES = YES;
				CLANG_ENABLE_OBJC_ARC = YES;
				CLANG_WARN_BOOL_CONVERSION = YES;
				CLANG_WARN_CONSTANT_CONVERSION = YES;
				CLANG_WARN_DIRECT_OBJC_ISA_USAGE = YES_ERROR;
				CLANG_WARN_EMPTY_BODY = YES;
				CLANG_WARN_ENUM_CONVERSION = YES;
				CLANG_WARN_INT_CONVERSION = YES;
				CLANG_WARN_OBJC_ROOT_CLASS = YES_ERROR;
				CLANG_WARN__DUPLICATE_METHOD_MATCH = YES;
				"CODE_SIGN_IDENTITY[sdk=iphoneos*]" = "iPhone Developer";
				COPY_PHASE_STRIP = YES;
				ENABLE_NS_ASSERTIONS = NO;
				GCC_C_LANGUAGE_STANDARD = gnu99;
				GCC_WARN_64_TO_32_BIT_CONVERSION = YES;
				GCC_WARN_ABOUT_RETURN_TYPE = YES_ERROR;
				GCC_WARN_UNDECLARED_SELECTOR = YES;
				GCC_WARN_UNINITIALIZED_AUTOS = YES;
				GCC_WARN_UNUSED_FUNCTION = YES;
				GCC_WARN_UNUSED_VARIABLE = YES;
				IPHONEOS_DEPLOYMENT_TARGET = 7.0;
				SDKROOT = iphoneos;
				VALIDATE_PRODUCT = YES;
			};
			name = Release;
		};
		08C4A44F18983DBC00B75B7B /* Debug */ = {
			isa = XCBuildConfiguration;
			buildSettings = {
				ASSETCATALOG_COMPILER_APPICON_NAME = AppIcon;
				ASSETCATALOG_COMPILER_LAUNCHIMAGE_NAME = LaunchImage;
				CODE_SIGN_IDENTITY = "iPhone Developer";
				"CODE_SIGN_IDENTITY[sdk=iphoneos*]" = "iPhone Developer";
				GCC_PRECOMPILE_PREFIX_HEADER = YES;
				GCC_PREFIX_HEADER = "PCWScanDemo/PCWScanDemo-Prefix.pch";
				INFOPLIST_FILE = "PCWScanDemo/PCWScanDemo-Info.plist";
				LIBRARY_SEARCH_PATHS = (
					"$(inherited)",
					/Users/kylethompson/Downloads/card.io_ios_sdk_3.4.4/CardIO,
					"/Users/kylethompson/Xcode\\ Projects/PCWScanDemo/CardIO",
				);
				OTHER_LDFLAGS = (
					"-lc++",
					"-ObjC",
				);
				PRODUCT_NAME = "$(TARGET_NAME)";
				PROVISIONING_PROFILE = "";
				WRAPPER_EXTENSION = app;
			};
			name = Debug;
		};
		08C4A45018983DBC00B75B7B /* Release */ = {
			isa = XCBuildConfiguration;
			buildSettings = {
				ASSETCATALOG_COMPILER_APPICON_NAME = AppIcon;
				ASSETCATALOG_COMPILER_LAUNCHIMAGE_NAME = LaunchImage;
				CODE_SIGN_IDENTITY = "iPhone Developer";
				"CODE_SIGN_IDENTITY[sdk=iphoneos*]" = "iPhone Developer";
				GCC_PRECOMPILE_PREFIX_HEADER = YES;
				GCC_PREFIX_HEADER = "PCWScanDemo/PCWScanDemo-Prefix.pch";
				INFOPLIST_FILE = "PCWScanDemo/PCWScanDemo-Info.plist";
				LIBRARY_SEARCH_PATHS = (
					"$(inherited)",
					/Users/kylethompson/Downloads/card.io_ios_sdk_3.4.4/CardIO,
					"/Users/kylethompson/Xcode\\ Projects/PCWScanDemo/CardIO",
				);
				OTHER_LDFLAGS = (
					"-lc++",
					"-ObjC",
				);
				PRODUCT_NAME = "$(TARGET_NAME)";
				PROVISIONING_PROFILE = "";
				WRAPPER_EXTENSION = app;
			};
			name = Release;
		};
		08C4A45218983DBC00B75B7B /* Debug */ = {
			isa = XCBuildConfiguration;
			buildSettings = {
				ARCHS = "$(ARCHS_STANDARD_INCLUDING_64_BIT)";
				BUNDLE_LOADER = "$(BUILT_PRODUCTS_DIR)/PCWScanDemo.app/PCWScanDemo";
				FRAMEWORK_SEARCH_PATHS = (
					"$(SDKROOT)/Developer/Library/Frameworks",
					"$(inherited)",
					"$(DEVELOPER_FRAMEWORKS_DIR)",
				);
				GCC_PRECOMPILE_PREFIX_HEADER = YES;
				GCC_PREFIX_HEADER = "PCWScanDemo/PCWScanDemo-Prefix.pch";
				GCC_PREPROCESSOR_DEFINITIONS = (
					"DEBUG=1",
					"$(inherited)",
				);
				INFOPLIST_FILE = "PCWScanDemoTests/PCWScanDemoTests-Info.plist";
				PRODUCT_NAME = "$(TARGET_NAME)";
				TEST_HOST = "$(BUNDLE_LOADER)";
				WRAPPER_EXTENSION = xctest;
			};
			name = Debug;
		};
		08C4A45318983DBC00B75B7B /* Release */ = {
			isa = XCBuildConfiguration;
			buildSettings = {
				ARCHS = "$(ARCHS_STANDARD_INCLUDING_64_BIT)";
				BUNDLE_LOADER = "$(BUILT_PRODUCTS_DIR)/PCWScanDemo.app/PCWScanDemo";
				FRAMEWORK_SEARCH_PATHS = (
					"$(SDKROOT)/Developer/Library/Frameworks",
					"$(inherited)",
					"$(DEVELOPER_FRAMEWORKS_DIR)",
				);
				GCC_PRECOMPILE_PREFIX_HEADER = YES;
				GCC_PREFIX_HEADER = "PCWScanDemo/PCWScanDemo-Prefix.pch";
				INFOPLIST_FILE = "PCWScanDemoTests/PCWScanDemoTests-Info.plist";
				PRODUCT_NAME = "$(TARGET_NAME)";
				TEST_HOST = "$(BUNDLE_LOADER)";
				WRAPPER_EXTENSION = xctest;
			};
			name = Release;
		};
/* End XCBuildConfiguration section */

/* Begin XCConfigurationList section */
		08C4A41718983DBC00B75B7B /* Build configuration list for PBXProject "PCWScanDemo" */ = {
			isa = XCConfigurationList;
			buildConfigurations = (
				08C4A44C18983DBC00B75B7B /* Debug */,
				08C4A44D18983DBC00B75B7B /* Release */,
			);
			defaultConfigurationIsVisible = 0;
			defaultConfigurationName = Release;
		};
		08C4A44E18983DBC00B75B7B /* Build configuration list for PBXNativeTarget "PCWScanDemo" */ = {
			isa = XCConfigurationList;
			buildConfigurations = (
				08C4A44F18983DBC00B75B7B /* Debug */,
				08C4A45018983DBC00B75B7B /* Release */,
			);
			defaultConfigurationIsVisible = 0;
			defaultConfigurationName = Release;
		};
		08C4A45118983DBC00B75B7B /* Build configuration list for PBXNativeTarget "PCWScanDemoTests" */ = {
			isa = XCConfigurationList;
			buildConfigurations = (
				08C4A45218983DBC00B75B7B /* Debug */,
				08C4A45318983DBC00B75B7B /* Release */,
			);
			defaultConfigurationIsVisible = 0;
			defaultConfigurationName = Release;
		};
/* End XCConfigurationList section */
	};
	rootObject = 08C4A41418983DBC00B75B7B /* Project object */;
}
